
Microsoft Visual Studio Solution File, Format Version 12.00
# Visual Studio 2013
VisualStudioVersion = 12.0.31101.0
MinimumVisualStudioVersion = 10.0.40219.1
Project("{FAE04EC0-301F-11D3-BF4B-00C04F79EFBC}") = "FileExplorer", "FileExplorer\FileExplorer.csproj", "{FD33F892-D04F-4CFA-B3C1-3D7F2517CA7D}"
EndProject
Global
	GlobalSection(SolutionConfigurationPlatforms) = preSolution
		Debug|Any CPU = Debug|Any CPU
		Release|Any CPU = Release|Any CPU
	EndGlobalSection
	GlobalSection(ProjectConfigurationPlatforms) = postSolution
		{FD33F892-D04F-4CFA-B3C1-3D7F2517CA7D}.Debug|Any CPU.ActiveCfg = Debug|Any CPU
		{FD33F892-D04F-4CFA-B3C1-3D7F2517CA7D}.Debug|Any CPU.Build.0 = Debug|Any CPU
		{FD33F892-D04F-4CFA-B3C1-3D7F2517CA7D}.Release|Any CPU.ActiveCfg = Release|Any CPU
		{FD33F892-D04F-4CFA-B3C1-3D7F2517CA7D}.Release|Any CPU.Build.0 = Release|Any CPU
	EndGlobalSection
	GlobalSection(SolutionProperties) = preSolution
		HideSolutionNode = FALSE
	EndGlobalSection
EndGlobal
